
Microsoft Visual Studio Solution File, Format Version 12.00
# Visual Studio Version 16
VisualStudioVersion = 16.0.31829.152
MinimumVisualStudioVersion = 10.0.40219.1
Project("{FAE04EC0-301F-11D3-BF4B-00C04F79EFBC}") = "Six Part Console App", "Six Part Console App\Six Part Console App.csproj", "{C2EB7A8C-959D-46C6-9158-AF96F8E52027}"
EndProject
Global
	GlobalSection(SolutionConfigurationPlatforms) = preSolution
		Debug|Any CPU = Debug|Any CPU
		Release|Any CPU = Release|Any CPU
	EndGlobalSection
	GlobalSection(ProjectConfigurationPlatforms) = postSolution
		{C2EB7A8C-959D-46C6-9158-AF96F8E52027}.Debug|Any CPU.ActiveCfg = Debug|Any CPU
		{C2EB7A8C-959D-46C6-9158-AF96F8E52027}.Debug|Any CPU.Build.0 = Debug|Any CPU
		{C2EB7A8C-959D-46C6-9158-AF96F8E52027}.Release|Any CPU.ActiveCfg = Release|Any CPU
		{C2EB7A8C-959D-46C6-9158-AF96F8E52027}.Release|Any CPU.Build.0 = Release|Any CPU
	EndGlobalSection
	GlobalSection(SolutionProperties) = preSolution
		HideSolutionNode = FALSE
	EndGlobalSection
	GlobalSection(ExtensibilityGlobals) = postSolution
		SolutionGuid = {5609E4B0-D831-4B74-99AE-A82DEB7F8179}
	EndGlobalSection
EndGlobal
