
Microsoft Visual Studio Solution File, Format Version 12.00
# Visual Studio Version 16
VisualStudioVersion = 16.0.31829.152
MinimumVisualStudioVersion = 10.0.40219.1
Project("{FAE04EC0-301F-11D3-BF4B-00C04F79EFBC}") = "Dui", "Dui\Dui.csproj", "{EEE27B11-1243-4ABF-BA8F-F84AF89F5859}"
EndProject
Global
	GlobalSection(SolutionConfigurationPlatforms) = preSolution
		Debug|Any CPU = Debug|Any CPU
		Release|Any CPU = Release|Any CPU
	EndGlobalSection
	GlobalSection(ProjectConfigurationPlatforms) = postSolution
		{EEE27B11-1243-4ABF-BA8F-F84AF89F5859}.Debug|Any CPU.ActiveCfg = Debug|Any CPU
		{EEE27B11-1243-4ABF-BA8F-F84AF89F5859}.Debug|Any CPU.Build.0 = Debug|Any CPU
		{EEE27B11-1243-4ABF-BA8F-F84AF89F5859}.Release|Any CPU.ActiveCfg = Release|Any CPU
		{EEE27B11-1243-4ABF-BA8F-F84AF89F5859}.Release|Any CPU.Build.0 = Release|Any CPU
	EndGlobalSection
	GlobalSection(SolutionProperties) = preSolution
		HideSolutionNode = FALSE
	EndGlobalSection
	GlobalSection(ExtensibilityGlobals) = postSolution
		SolutionGuid = {A82FBF85-9CD6-402D-B045-B5F76400FFA3}
	EndGlobalSection
EndGlobal
